// !$*UTF8*$!
{
	archiveVersion = 1;
	classes = {
	};
	objectVersion = 46;
	objects = {

/* Begin PBXBuildFile section */
		3F70E96B1A533541009A18A8 /* main.m in Sources */ = {isa = PBXBuildFile; fileRef = 3F70E96A1A533541009A18A8 /* main.m */; };
		3F70E96E1A533541009A18A8 /* AppDelegate.m in Sources */ = {isa = PBXBuildFile; fileRef = 3F70E96D1A533541009A18A8 /* AppDelegate.m */; };
		3F70E9711A533542009A18A8 /* ViewController.m in Sources */ = {isa = PBXBuildFile; fileRef = 3F70E9701A533542009A18A8 /* ViewController.m */; };
		3F70E9741A533542009A18A8 /* Main.storyboard in Resources */ = {isa = PBXBuildFile; fileRef = 3F70E9721A533542009A18A8 /* Main.storyboard */; };
		3F70E9761A533542009A18A8 /* Images.xcassets in Resources */ = {isa = PBXBuildFile; fileRef = 3F70E9751A533542009A18A8 /* Images.xcassets */; };
		3F70E9791A533542009A18A8 /* LaunchScreen.xib in Resources */ = {isa = PBXBuildFile; fileRef = 3F70E9771A533542009A18A8 /* LaunchScreen.xib */; };
		3F70E9851A533542009A18A8 /* ODMSwipeSelectorDemoTests.m in Sources */ = {isa = PBXBuildFile; fileRef = 3F70E9841A533542009A18A8 /* ODMSwipeSelectorDemoTests.m */; };
		3F70E9931A533559009A18A8 /* MCDSwipeView.m in Sources */ = {isa = PBXBuildFile; fileRef = 3F70E9921A533559009A18A8 /* MCDSwipeView.m */; };
/* End PBXBuildFile section */

/* Begin PBXContainerItemProxy section */
		3F70E97F1A533542009A18A8 /* PBXContainerItemProxy */ = {
			isa = PBXContainerItemProxy;
			containerPortal = 3F70E95D1A533541009A18A8 /* Project object */;
			proxyType = 1;
			remoteGlobalIDString = 3F70E9641A533541009A18A8;
			remoteInfo = ODMSwipeSelectorDemo;
		};
/* End PBXContainerItemProxy section */

/* Begin PBXFileReference section */
		3F70E9651A533541009A18A8 /* ODMSwipeSelectorDemo.app */ = {isa = PBXFileReference; explicitFileType = wrapper.application; includeInIndex = 0; path = ODMSwipeSelectorDemo.app; sourceTree = BUILT_PRODUCTS_DIR; };
		3F70E9691A533541009A18A8 /* Info.plist */ = {isa = PBXFileReference; lastKnownFileType = text.plist.xml; path = Info.plist; sourceTree = "<group>"; };
		3F70E96A1A533541009A18A8 /* main.m */ = {isa = PBXFileReference; lastKnownFileType = sourcecode.c.objc; path = main.m; sourceTree = "<group>"; };
		3F70E96C1A533541009A18A8 /* AppDelegate.h */ = {isa = PBXFileReference; lastKnownFileType = sourcecode.c.h; path = AppDelegate.h; sourceTree = "<group>"; };
		3F70E96D1A533541009A18A8 /* AppDelegate.m */ = {isa = PBXFileReference; lastKnownFileType = sourcecode.c.objc; path = AppDelegate.m; sourceTree = "<group>"; };
		3F70E96F1A533542009A18A8 /* ViewController.h */ = {isa = PBXFileReference; lastKnownFileType = sourcecode.c.h; path = ViewController.h; sourceTree = "<group>"; };
		3F70E9701A533542009A18A8 /* ViewController.m */ = {isa = PBXFileReference; lastKnownFileType = sourcecode.c.objc; path = ViewController.m; sourceTree = "<group>"; };
		3F70E9731A533542009A18A8 /* Base */ = {isa = PBXFileReference; lastKnownFileType = file.storyboard; name = Base; path = Base.lproj/Main.storyboard; sourceTree = "<group>"; };
		3F70E9751A533542009A18A8 /* Images.xcassets */ = {isa = PBXFileReference; lastKnownFileType = folder.assetcatalog; path = Images.xcassets; sourceTree = "<group>"; };
		3F70E9781A533542009A18A8 /* Base */ = {isa = PBXFileReference; lastKnownFileType = file.xib; name = Base; path = Base.lproj/LaunchScreen.xib; sourceTree = "<group>"; };
		3F70E97E1A533542009A18A8 /* ODMSwipeSelectorDemoTests.xctest */ = {isa = PBXFileReference; explicitFileType = wrapper.cfbundle; includeInIndex = 0; path = ODMSwipeSelectorDemoTests.xctest; sourceTree = BUILT_PRODUCTS_DIR; };
		3F70E9831A533542009A18A8 /* Info.plist */ = {isa = PBXFileReference; lastKnownFileType = text.plist.xml; path = Info.plist; sourceTree = "<group>"; };
		3F70E9841A533542009A18A8 /* ODMSwipeSelectorDemoTests.m */ = {isa = PBXFileReference; lastKnownFileType = sourcecode.c.objc; path = ODMSwipeSelectorDemoTests.m; sourceTree = "<group>"; };
		3F70E9911A533559009A18A8 /* MCDSwipeView.h */ = {isa = PBXFileReference; fileEncoding = 4; lastKnownFileType = sourcecode.c.h; path = MCDSwipeView.h; sourceTree = "<group>"; };
		3F70E9921A533559009A18A8 /* MCDSwipeView.m */ = {isa = PBXFileReference; fileEncoding = 4; lastKnownFileType = sourcecode.c.objc; path = MCDSwipeView.m; sourceTree = "<group>"; };
/* End PBXFileReference section */

/* Begin PBXFrameworksBuildPhase section */
		3F70E9621A533541009A18A8 /* Frameworks */ = {
			isa = PBXFrameworksBuildPhase;
			buildActionMask = 2147483647;
			files = (
			);
			runOnlyForDeploymentPostprocessing = 0;
		};
		3F70E97B1A533542009A18A8 /* Frameworks */ = {
			isa = PBXFrameworksBuildPhase;
			buildActionMask = 2147483647;
			files = (
			);
			runOnlyForDeploymentPostprocessing = 0;
		};
/* End PBXFrameworksBuildPhase section */

/* Begin PBXGroup section */
		3F70E95C1A533541009A18A8 = {
			isa = PBXGroup;
			children = (
				3F70E9671A533541009A18A8 /* ODMSwipeSelectorDemo */,
				3F70E9811A533542009A18A8 /* ODMSwipeSelectorDemoTests */,
				3F70E9661A533541009A18A8 /* Products */,
			);
			sourceTree = "<group>";
		};
		3F70E9661A533541009A18A8 /* Products */ = {
			isa = PBXGroup;
			children = (
				3F70E9651A533541009A18A8 /* ODMSwipeSelectorDemo.app */,
				3F70E97E1A533542009A18A8 /* ODMSwipeSelectorDemoTests.xctest */,
			);
			name = Products;
			sourceTree = "<group>";
		};
		3F70E9671A533541009A18A8 /* ODMSwipeSelectorDemo */ = {
			isa = PBXGroup;
			children = (
				3F70E9911A533559009A18A8 /* MCDSwipeView.h */,
				3F70E9921A533559009A18A8 /* MCDSwipeView.m */,
				3F70E96C1A533541009A18A8 /* AppDelegate.h */,
				3F70E96D1A533541009A18A8 /* AppDelegate.m */,
				3F70E96F1A533542009A18A8 /* ViewController.h */,
				3F70E9701A533542009A18A8 /* ViewController.m */,
				3F70E9721A533542009A18A8 /* Main.storyboard */,
				3F70E9751A533542009A18A8 /* Images.xcassets */,
				3F70E9771A533542009A18A8 /* LaunchScreen.xib */,
				3F70E9681A533541009A18A8 /* Supporting Files */,
			);
			path = ODMSwipeSelectorDemo;
			sourceTree = "<group>";
		};
		3F70E9681A533541009A18A8 /* Supporting Files */ = {
			isa = PBXGroup;
			children = (
				3F70E9691A533541009A18A8 /* Info.plist */,
				3F70E96A1A533541009A18A8 /* main.m */,
			);
			name = "Supporting Files";
			sourceTree = "<group>";
		};
		3F70E9811A533542009A18A8 /* ODMSwipeSelectorDemoTests */ = {
			isa = PBXGroup;
			children = (
				3F70E9841A533542009A18A8 /* ODMSwipeSelectorDemoTests.m */,
				3F70E9821A533542009A18A8 /* Supporting Files */,
			);
			path = ODMSwipeSelectorDemoTests;
			sourceTree = "<group>";
		};
		3F70E9821A533542009A18A8 /* Supporting Files */ = {
			isa = PBXGroup;
			children = (
				3F70E9831A533542009A18A8 /* Info.plist */,
			);
			name = "Supporting Files";
			sourceTree = "<group>";
		};
/* End PBXGroup section */

/* Begin PBXNativeTarget section */
		3F70E9641A533541009A18A8 /* ODMSwipeSelectorDemo */ = {
			isa = PBXNativeTarget;
			buildConfigurationList = 3F70E9881A533542009A18A8 /* Build configuration list for PBXNativeTarget "ODMSwipeSelectorDemo" */;
			buildPhases = (
				3F70E9611A533541009A18A8 /* Sources */,
				3F70E9621A533541009A18A8 /* Frameworks */,
				3F70E9631A533541009A18A8 /* Resources */,
			);
			buildRules = (
			);
			dependencies = (
			);
			name = ODMSwipeSelectorDemo;
			productName = ODMSwipeSelectorDemo;
			productReference = 3F70E9651A533541009A18A8 /* ODMSwipeSelectorDemo.app */;
			productType = "com.apple.product-type.application";
		};
		3F70E97D1A533542009A18A8 /* ODMSwipeSelectorDemoTests */ = {
			isa = PBXNativeTarget;
			buildConfigurationList = 3F70E98B1A533542009A18A8 /* Build configuration list for PBXNativeTarget "ODMSwipeSelectorDemoTests" */;
			buildPhases = (
				3F70E97A1A533542009A18A8 /* Sources */,
				3F70E97B1A533542009A18A8 /* Frameworks */,
				3F70E97C1A533542009A18A8 /* Resources */,
			);
			buildRules = (
			);
			dependencies = (
				3F70E9801A533542009A18A8 /* PBXTargetDependency */,
			);
			name = ODMSwipeSelectorDemoTests;
			productName = ODMSwipeSelectorDemoTests;
			productReference = 3F70E97E1A533542009A18A8 /* ODMSwipeSelectorDemoTests.xctest */;
			productType = "com.apple.product-type.bundle.unit-test";
		};
/* End PBXNativeTarget section */

/* Begin PBXProject section */
		3F70E95D1A533541009A18A8 /* Project object */ = {
			isa = PBXProject;
			attributes = {
				LastUpgradeCheck = 0610;
				ORGANIZATIONNAME = Koombea;
				TargetAttributes = {
					3F70E9641A533541009A18A8 = {
						CreatedOnToolsVersion = 6.1.1;
					};
					3F70E97D1A533542009A18A8 = {
						CreatedOnToolsVersion = 6.1.1;
						TestTargetID = 3F70E9641A533541009A18A8;
					};
				};
			};
			buildConfigurationList = 3F70E9601A533541009A18A8 /* Build configuration list for PBXProject "ODMSwipeSelectorDemo" */;
			compatibilityVersion = "Xcode 3.2";
			developmentRegion = English;
			hasScannedForEncodings = 0;
			knownRegions = (
				en,
				Base,
			);
			mainGroup = 3F70E95C1A533541009A18A8;
			productRefGroup = 3F70E9661A533541009A18A8 /* Products */;
			projectDirPath = "";
			projectRoot = "";
			targets = (
				3F70E9641A533541009A18A8 /* ODMSwipeSelectorDemo */,
				3F70E97D1A533542009A18A8 /* ODMSwipeSelectorDemoTests */,
			);
		};
/* End PBXProject section */

/* Begin PBXResourcesBuildPhase section */
		3F70E9631A533541009A18A8 /* Resources */ = {
			isa = PBXResourcesBuildPhase;
			buildActionMask = 2147483647;
			files = (
				3F70E9741A533542009A18A8 /* Main.storyboard in Resources */,
				3F70E9791A533542009A18A8 /* LaunchScreen.xib in Resources */,
				3F70E9761A533542009A18A8 /* Images.xcassets in Resources */,
			);
			runOnlyForDeploymentPostprocessing = 0;
		};
		3F70E97C1A533542009A18A8 /* Resources */ = {
			isa = PBXResourcesBuildPhase;
			buildActionMask = 2147483647;
			files = (
			);
			runOnlyForDeploymentPostprocessing = 0;
		};
/* End PBXResourcesBuildPhase section */

/* Begin PBXSourcesBuildPhase section */
		3F70E9611A533541009A18A8 /* Sources */ = {
			isa = PBXSourcesBuildPhase;
			buildActionMask = 2147483647;
			files = (
				3F70E9931A533559009A18A8 /* MCDSwipeView.m in Sources */,
				3F70E9711A533542009A18A8 /* ViewController.m in Sources */,
				3F70E96E1A533541009A18A8 /* AppDelegate.m in Sources */,
				3F70E96B1A533541009A18A8 /* main.m in Sources */,
			);
			runOnlyForDeploymentPostprocessing = 0;
		};
		3F70E97A1A533542009A18A8 /* Sources */ = {
			isa = PBXSourcesBuildPhase;
			buildActionMask = 2147483647;
			files = (
				3F70E9851A533542009A18A8 /* ODMSwipeSelectorDemoTests.m in Sources */,
			);
			runOnlyForDeploymentPostprocessing = 0;
		};
/* End PBXSourcesBuildPhase section */

/* Begin PBXTargetDependency section */
		3F70E9801A533542009A18A8 /* PBXTargetDependency */ = {
			isa = PBXTargetDependency;
			target = 3F70E9641A533541009A18A8 /* ODMSwipeSelectorDemo */;
			targetProxy = 3F70E97F1A533542009A18A8 /* PBXContainerItemProxy */;
		};
/* End PBXTargetDependency section */

/* Begin PBXVariantGroup section */
		3F70E9721A533542009A18A8 /* Main.storyboard */ = {
			isa = PBXVariantGroup;
			children = (
				3F70E9731A533542009A18A8 /* Base */,
			);
			name = Main.storyboard;
			sourceTree = "<group>";
		};
		3F70E9771A533542009A18A8 /* LaunchScreen.xib */ = {
			isa = PBXVariantGroup;
			children = (
				3F70E9781A533542009A18A8 /* Base */,
			);
			name = LaunchScreen.xib;
			sourceTree = "<group>";
		};
/* End PBXVariantGroup section */

/* Begin XCBuildConfiguration section */
		3F70E9861A533542009A18A8 /* Debug */ = {
			isa = XCBuildConfiguration;
			buildSettings = {
				ALWAYS_SEARCH_USER_PATHS = NO;
				CLANG_CXX_LANGUAGE_STANDARD = "gnu++0x";
				CLANG_CXX_LIBRARY = "libc++";
				CLANG_ENABLE_MODULES = YES;
				CLANG_ENABLE_OBJC_ARC = YES;
				CLANG_WARN_BOOL_CONVERSION = YES;
				CLANG_WARN_CONSTANT_CONVERSION = YES;
				CLANG_WARN_DIRECT_OBJC_ISA_USAGE = YES_ERROR;
				CLANG_WARN_EMPTY_BODY = YES;
				CLANG_WARN_ENUM_CONVERSION = YES;
				CLANG_WARN_INT_CONVERSION = YES;
				CLANG_WARN_OBJC_ROOT_CLASS = YES_ERROR;
				CLANG_WARN_UNREACHABLE_CODE = YES;
				CLANG_WARN__DUPLICATE_METHOD_MATCH = YES;
				"CODE_SIGN_IDENTITY[sdk=iphoneos*]" = "iPhone Developer";
				COPY_PHASE_STRIP = NO;
				ENABLE_STRICT_OBJC_MSGSEND = YES;
				GCC_C_LANGUAGE_STANDARD = gnu99;
				GCC_DYNAMIC_NO_PIC = NO;
				GCC_OPTIMIZATION_LEVEL = 0;
				GCC_PREPROCESSOR_DEFINITIONS = (
					"DEBUG=1",
					"$(inherited)",
				);
				GCC_SYMBOLS_PRIVATE_EXTERN = NO;
				GCC_WARN_64_TO_32_BIT_CONVERSION = YES;
				GCC_WARN_ABOUT_RETURN_TYPE = YES_ERROR;
				GCC_WARN_UNDECLARED_SELECTOR = YES;
				GCC_WARN_UNINITIALIZED_AUTOS = YES_AGGRESSIVE;
				GCC_WARN_UNUSED_FUNCTION = YES;
				GCC_WARN_UNUSED_VARIABLE = YES;
				IPHONEOS_DEPLOYMENT_TARGET = 8.1;
				MTL_ENABLE_DEBUG_INFO = YES;
				ONLY_ACTIVE_ARCH = YES;
				SDKROOT = iphoneos;
			};
			name = Debug;
		};
		3F70E9871A533542009A18A8 /* Release */ = {
			isa = XCBuildConfiguration;
			buildSettings = {
				ALWAYS_SEARCH_USER_PATHS = NO;
				CLANG_CXX_LANGUAGE_STANDARD = "gnu++0x";
				CLANG_CXX_LIBRARY = "libc++";
				CLANG_ENABLE_MODULES = YES;
				CLANG_ENABLE_OBJC_ARC = YES;
				CLANG_WARN_BOOL_CONVERSION = YES;
				CLANG_WARN_CONSTANT_CONVERSION = YES;
				CLANG_WARN_DIRECT_OBJC_ISA_USAGE = YES_ERROR;
				CLANG_WARN_EMPTY_BODY = YES;
				CLANG_WARN_ENUM_CONVERSION = YES;
				CLANG_WARN_INT_CONVERSION = YES;
				CLANG_WARN_OBJC_ROOT_CLASS = YES_ERROR;
				CLANG_WARN_UNREACHABLE_CODE = YES;
				CLANG_WARN__DUPLICATE_METHOD_MATCH = YES;
				"CODE_SIGN_IDENTITY[sdk=iphoneos*]" = "iPhone Developer";
				COPY_PHASE_STRIP = YES;
				ENABLE_NS_ASSERTIONS = NO;
				ENABLE_STRICT_OBJC_MSGSEND = YES;
				GCC_C_LANGUAGE_STANDARD = gnu99;
				GCC_WARN_64_TO_32_BIT_CONVERSION = YES;
				GCC_WARN_ABOUT_RETURN_TYPE = YES_ERROR;
				GCC_WARN_UNDECLARED_SELECTOR = YES;
				GCC_WARN_UNINITIALIZED_AUTOS = YES_AGGRESSIVE;
				GCC_WARN_UNUSED_FUNCTION = YES;
				GCC_WARN_UNUSED_VARIABLE = YES;
				IPHONEOS_DEPLOYMENT_TARGET = 8.1;
				MTL_ENABLE_DEBUG_INFO = NO;
				SDKROOT = iphoneos;
				VALIDATE_PRODUCT = YES;
			};
			name = Release;
		};
		3F70E9891A533542009A18A8 /* Debug */ = {
			isa = XCBuildConfiguration;
			buildSettings = {
				ASSETCATALOG_COMPILER_APPICON_NAME = AppIcon;
				INFOPLIST_FILE = ODMSwipeSelectorDemo/Info.plist;
				LD_RUNPATH_SEARCH_PATHS = "$(inherited) @executable_path/Frameworks";
				PRODUCT_NAME = "$(TARGET_NAME)";
			};
			name = Debug;
		};
		3F70E98A1A533542009A18A8 /* Release */ = {
			isa = XCBuildConfiguration;
			buildSettings = {
				ASSETCATALOG_COMPILER_APPICON_NAME = AppIcon;
				INFOPLIST_FILE = ODMSwipeSelectorDemo/Info.plist;
				LD_RUNPATH_SEARCH_PATHS = "$(inherited) @executable_path/Frameworks";
				PRODUCT_NAME = "$(TARGET_NAME)";
			};
			name = Release;
		};
		3F70E98C1A533542009A18A8 /* Debug */ = {
			isa = XCBuildConfiguration;
			buildSettings = {
				BUNDLE_LOADER = "$(TEST_HOST)";
				FRAMEWORK_SEARCH_PATHS = (
					"$(SDKROOT)/Developer/Library/Frameworks",
					"$(inherited)",
				);
				GCC_PREPROCESSOR_DEFINITIONS = (
					"DEBUG=1",
					"$(inherited)",
				);
				INFOPLIST_FILE = ODMSwipeSelectorDemoTests/Info.plist;
				LD_RUNPATH_SEARCH_PATHS = "$(inherited) @executable_path/Frameworks @loader_path/Frameworks";
				PRODUCT_NAME = "$(TARGET_NAME)";
				TEST_HOST = "$(BUILT_PRODUCTS_DIR)/ODMSwipeSelectorDemo.app/ODMSwipeSelectorDemo";
			};
			name = Debug;
		};
		3F70E98D1A533542009A18A8 /* Release */ = {
			isa = XCBuildConfiguration;
			buildSettings = {
				BUNDLE_LOADER = "$(TEST_HOST)";
				FRAMEWORK_SEARCH_PATHS = (
					"$(SDKROOT)/Developer/Library/Frameworks",
					"$(inherited)",
				);
				INFOPLIST_FILE = ODMSwipeSelectorDemoTests/Info.plist;
				LD_RUNPATH_SEARCH_PATHS = "$(inherited) @executable_path/Frameworks @loader_path/Frameworks";
				PRODUCT_NAME = "$(TARGET_NAME)";
				TEST_HOST = "$(BUILT_PRODUCTS_DIR)/ODMSwipeSelectorDemo.app/ODMSwipeSelectorDemo";
			};
			name = Release;
		};
/* End XCBuildConfiguration section */

/* Begin XCConfigurationList section */
		3F70E9601A533541009A18A8 /* Build configuration list for PBXProject "ODMSwipeSelectorDemo" */ = {
			isa = XCConfigurationList;
			buildConfigurations = (
				3F70E9861A533542009A18A8 /* Debug */,
				3F70E9871A533542009A18A8 /* Release */,
			);
			defaultConfigurationIsVisible = 0;
			defaultConfigurationName = Release;
		};
		3F70E9881A533542009A18A8 /* Build configuration list for PBXNativeTarget "ODMSwipeSelectorDemo" */ = {
			isa = XCConfigurationList;
			buildConfigurations = (
				3F70E9891A533542009A18A8 /* Debug */,
				3F70E98A1A533542009A18A8 /* Release */,
			);
			defaultConfigurationIsVisible = 0;
		};
		3F70E98B1A533542009A18A8 /* Build configuration list for PBXNativeTarget "ODMSwipeSelectorDemoTests" */ = {
			isa = XCConfigurationList;
			buildConfigurations = (
				3F70E98C1A533542009A18A8 /* Debug */,
				3F70E98D1A533542009A18A8 /* Release */,
			);
			defaultConfigurationIsVisible = 0;
		};
/* End XCConfigurationList section */
	};
	rootObject = 3F70E95D1A533541009A18A8 /* Project object */;
}
